{
  "name": "@platformparity/platformparity",
  "version": "1.0.0-wip.0",
  "lockfileVersion": 1,
  "requires": true,
  "dependencies": {
    "@platformparity/base64": {
      "version": "1.0.0-wip.0",
      "resolved": "https://registry.npmjs.org/@platformparity/base64/-/base64-1.0.0-wip.0.tgz",
      "integrity": "sha512-s5pstA3OK3QxK0C2NOqqCQc9HPx02orstaMLnrwHJsNoVoMwhlP/3oBgdu0vgI3mQGucqOIQCd8hZdgpixTgkw==",
      "requires": {
        "@platformparity/dom-exception": "^1.0.0-wip.5",
        "abab": "^2.0.0"
      }
    },
    "@platformparity/dom-exception": {
      "version": "1.0.0-wip.5",
      "resolved": "https://registry.npmjs.org/@platformparity/dom-exception/-/dom-exception-1.0.0-wip.5.tgz",
      "integrity": "sha512-yR0krbQn8SPTzOBvuUqBNyvpeShNO9UaiMZK9Y8LSvyzCiX0kkKnmiEO0Mr79fbFJvJZJRoUWEGG0CuBd4vYqQ==",
      "requires": {
        "webidl-conversions": "^4.0.2"
      }
    },
    "@platformparity/web-cryptography": {
      "version": "1.0.0-wip.1",
      "resolved": "https://registry.npmjs.org/@platformparity/web-cryptography/-/web-cryptography-1.0.0-wip.1.tgz",
      "integrity": "sha512-ypvE04v6nuHo0GvhMwp8Mr/yxabRx6BHXiKLxZKLInQqFlLSrhfzahO2ctgyjV+V1HjMQSZUnwurPrfC92Rfuw==",
      "requires": {
        "@trust/keyto": "^0.3.4",
        "base64url": "^3.0.0",
        "elliptic": "^6.4.0",
        "node-rsa": "^0.4.0",
        "text-encoding": "^0.6.1"
      }
    },
    "@trust/keyto": {
      "version": "0.3.4",
      "resolved": "https://registry.npmjs.org/@trust/keyto/-/keyto-0.3.4.tgz",
      "integrity": "sha512-OAqKvuSEPIu2zCnIHzBthvGnV8nKmpv7cBlRMngLzJZzZI9CanyuSfnEI1xC4sH4TwqA0XJR7Mb0oX4bwymXIw==",
      "requires": {
        "asn1.js": "^4.9.1",
        "base64url": "^3.0.0",
        "elliptic": "^6.4.0"
      }
    },
    "abab": {
      "version": "2.0.0",
      "resolved": "https://registry.npmjs.org/abab/-/abab-2.0.0.tgz",
      "integrity": "sha512-sY5AXXVZv4Y1VACTtR11UJCPHHudgY5i26Qj5TypE6DKlIApbwb5uqhXcJ5UUGbvZNRh7EeIoW+LrJumBsKp7w=="
    },
    "asn1": {
      "version": "0.2.3",
      "resolved": "https://registry.npmjs.org/asn1/-/asn1-0.2.3.tgz",
      "integrity": "sha1-2sh4dxPJlmhJ/IGAd36+nB3fO4Y="
    },
    "asn1.js": {
      "version": "4.10.1",
      "resolved": "https://registry.npmjs.org/asn1.js/-/asn1.js-4.10.1.tgz",
      "integrity": "sha512-p32cOF5q0Zqs9uBiONKYLm6BClCoBCM5O9JfeUSlnQLBTxYdTK+pW+nXflm8UkKd2UYlEbYz5qEi0JuZR9ckSw==",
      "requires": {
        "bn.js": "^4.0.0",
        "inherits": "^2.0.1",
        "minimalistic-assert": "^1.0.0"
      }
    },
    "base64url": {
      "version": "3.0.0",
      "resolved": "https://registry.npmjs.org/base64url/-/base64url-3.0.0.tgz",
      "integrity": "sha512-LIVmqIrIWuiqTvn4RzcrwCOuHo2DD6tKmKBPXXlr4p4n4l6BZBkwFTIa3zu1XkX5MbZgro4a6BvPi+n2Mns5Gg=="
    },
    "bn.js": {
      "version": "4.11.8",
      "resolved": "https://registry.npmjs.org/bn.js/-/bn.js-4.11.8.tgz",
      "integrity": "sha512-ItfYfPLkWHUjckQCk8xC+LwxgK8NYcXywGigJgSwOP8Y2iyWT4f2vsZnoOXTTbo+o5yXmIUJ4gn5538SO5S3gA=="
    },
    "brorand": {
      "version": "1.1.0",
      "resolved": "https://registry.npmjs.org/brorand/-/brorand-1.1.0.tgz",
      "integrity": "sha1-EsJe/kCkXjwyPrhnWgoM5XsiNx8="
    },
    "co": {
      "version": "4.6.0",
      "resolved": "https://registry.npmjs.org/co/-/co-4.6.0.tgz",
      "integrity": "sha1-bqa989hTrlTMuOR7+gvz+QMfsYQ=",
      "dev": true
    },
    "cross-spawn": {
      "version": "5.1.0",
      "resolved": "https://registry.npmjs.org/cross-spawn/-/cross-spawn-5.1.0.tgz",
      "integrity": "sha1-6L0O/uWPz/b4+UUQoKVUu/ojVEk=",
      "requires": {
        "lru-cache": "^4.0.1",
        "shebang-command": "^1.2.0",
        "which": "^1.2.9"
      }
    },
    "elliptic": {
      "version": "6.4.0",
      "resolved": "https://registry.npmjs.org/elliptic/-/elliptic-6.4.0.tgz",
      "integrity": "sha1-ysmvh2LIWDYYcAPI3+GT5eLq5d8=",
      "requires": {
        "bn.js": "^4.4.0",
        "brorand": "^1.0.1",
        "hash.js": "^1.0.0",
        "hmac-drbg": "^1.0.0",
        "inherits": "^2.0.1",
        "minimalistic-assert": "^1.0.0",
        "minimalistic-crypto-utils": "^1.0.0"
      }
    },
    "encoding": {
      "version": "0.1.12",
      "resolved": "https://registry.npmjs.org/encoding/-/encoding-0.1.12.tgz",
      "integrity": "sha1-U4tm8+5izRq1HsMjgp0flIDHS+s=",
      "requires": {
        "iconv-lite": "~0.4.13"
      }
    },
    "execa": {
      "version": "0.7.0",
      "resolved": "https://registry.npmjs.org/execa/-/execa-0.7.0.tgz",
      "integrity": "sha1-lEvs00zEHuMqY6n68nrVpl/Fl3c=",
      "requires": {
        "cross-spawn": "^5.0.1",
        "get-stream": "^3.0.0",
        "is-stream": "^1.1.0",
        "npm-run-path": "^2.0.0",
        "p-finally": "^1.0.0",
        "signal-exit": "^3.0.0",
        "strip-eof": "^1.0.0"
      }
    },
    "get-stream": {
      "version": "3.0.0",
      "resolved": "https://registry.npmjs.org/get-stream/-/get-stream-3.0.0.tgz",
      "integrity": "sha1-jpQ9E1jcN1VQVOy+LtsFqhdO3hQ="
    },
    "hash.js": {
      "version": "1.1.3",
      "resolved": "https://registry.npmjs.org/hash.js/-/hash.js-1.1.3.tgz",
      "integrity": "sha512-/UETyP0W22QILqS+6HowevwhEFJ3MBJnwTf75Qob9Wz9t0DPuisL8kW8YZMK62dHAKE1c1p+gY1TtOLY+USEHA==",
      "requires": {
        "inherits": "^2.0.3",
        "minimalistic-assert": "^1.0.0"
      }
    },
    "hmac-drbg": {
      "version": "1.0.1",
      "resolved": "https://registry.npmjs.org/hmac-drbg/-/hmac-drbg-1.0.1.tgz",
      "integrity": "sha1-0nRXAQJabHdabFRXk+1QL8DGSaE=",
      "requires": {
        "hash.js": "^1.0.3",
        "minimalistic-assert": "^1.0.0",
        "minimalistic-crypto-utils": "^1.0.1"
      }
    },
    "iconv-lite": {
      "version": "0.4.19",
      "resolved": "https://registry.npmjs.org/iconv-lite/-/iconv-lite-0.4.19.tgz",
      "integrity": "sha512-oTZqweIP51xaGPI4uPa56/Pri/480R+mo7SeU+YETByQNhDG55ycFyNLIgta9vXhILrxXDmF7ZGhqZIcuN0gJQ=="
    },
    "inherits": {
      "version": "2.0.3",
      "resolved": "https://registry.npmjs.org/inherits/-/inherits-2.0.3.tgz",
      "integrity": "sha1-Yzwsg+PaQqUC9SRmAiSA9CCCYd4="
    },
    "invert-kv": {
      "version": "1.0.0",
      "resolved": "https://registry.npmjs.org/invert-kv/-/invert-kv-1.0.0.tgz",
      "integrity": "sha1-EEqOSqym09jNFXqO+L+rLXo//bY="
    },
    "is-stream": {
      "version": "1.1.0",
      "resolved": "https://registry.npmjs.org/is-stream/-/is-stream-1.1.0.tgz",
      "integrity": "sha1-EtSj3U5o4Lec6428hBc66A2RykQ="
    },
    "isexe": {
      "version": "2.0.0",
      "resolved": "https://registry.npmjs.org/isexe/-/isexe-2.0.0.tgz",
      "integrity": "sha1-6PvzdNxVb/iUehDcsFctYz8s+hA="
    },
    "lcid": {
      "version": "1.0.0",
      "resolved": "https://registry.npmjs.org/lcid/-/lcid-1.0.0.tgz",
      "integrity": "sha1-MIrMr6C8SDo4Z7S28rlQYlHRuDU=",
      "requires": {
        "invert-kv": "^1.0.0"
      }
    },
    "lodash.sortby": {
      "version": "4.7.0",
      "resolved": "https://registry.npmjs.org/lodash.sortby/-/lodash.sortby-4.7.0.tgz",
      "integrity": "sha1-7dFMgk4sycHgsKG0K7UhBRakJDg="
    },
    "lru-cache": {
      "version": "4.1.3",
      "resolved": "https://registry.npmjs.org/lru-cache/-/lru-cache-4.1.3.tgz",
      "integrity": "sha512-fFEhvcgzuIoJVUF8fYr5KR0YqxD238zgObTps31YdADwPPAp82a4M8TrckkWyx7ekNlf9aBcVn81cFwwXngrJA==",
      "requires": {
        "pseudomap": "^1.0.2",
        "yallist": "^2.1.2"
      }
    },
    "mem": {
      "version": "1.1.0",
      "resolved": "https://registry.npmjs.org/mem/-/mem-1.1.0.tgz",
      "integrity": "sha1-Xt1StIXKHZAP5kiVUFOZoN+kX3Y=",
      "requires": {
        "mimic-fn": "^1.0.0"
      }
    },
    "mimic-fn": {
      "version": "1.2.0",
      "resolved": "https://registry.npmjs.org/mimic-fn/-/mimic-fn-1.2.0.tgz",
      "integrity": "sha512-jf84uxzwiuiIVKiOLpfYk7N46TSy8ubTonmneY9vrpHNAnp0QBt2BxWV9dO3/j+BoVAb+a5G6YDPW3M5HOdMWQ=="
    },
    "minimalistic-assert": {
      "version": "1.0.1",
      "resolved": "https://registry.npmjs.org/minimalistic-assert/-/minimalistic-assert-1.0.1.tgz",
      "integrity": "sha512-UtJcAD4yEaGtjPezWuO9wC4nwUnVH/8/Im3yEHQP4b67cXlD/Qr9hdITCU1xDbSEXg2XKNaP8jsReV7vQd00/A=="
    },
    "minimalistic-crypto-utils": {
      "version": "1.0.1",
      "resolved": "https://registry.npmjs.org/minimalistic-crypto-utils/-/minimalistic-crypto-utils-1.0.1.tgz",
      "integrity": "sha1-9sAMHAsIIkblxNmd+4x8CDsrWCo="
    },
    "node-rsa": {
      "version": "0.4.2",
      "resolved": "https://registry.npmjs.org/node-rsa/-/node-rsa-0.4.2.tgz",
      "integrity": "sha1-1jkXKewWqDDtWjgEKzFX0tXXJTA=",
      "requires": {
        "asn1": "0.2.3"
      }
    },
    "npm-run-path": {
      "version": "2.0.2",
      "resolved": "https://registry.npmjs.org/npm-run-path/-/npm-run-path-2.0.2.tgz",
      "integrity": "sha1-NakjLfo11wZ7TLLd8jV7GHFTbF8=",
      "requires": {
        "path-key": "^2.0.0"
      }
    },
    "os-locale": {
      "version": "2.1.0",
      "resolved": "https://registry.npmjs.org/os-locale/-/os-locale-2.1.0.tgz",
      "integrity": "sha512-3sslG3zJbEYcaC4YVAvDorjGxc7tv6KVATnLPZONiljsUncvihe9BQoVCEs0RZ1kmf4Hk9OBqlZfJZWI4GanKA==",
      "requires": {
        "execa": "^0.7.0",
        "lcid": "^1.0.0",
        "mem": "^1.1.0"
      }
    },
    "p-finally": {
      "version": "1.0.0",
      "resolved": "https://registry.npmjs.org/p-finally/-/p-finally-1.0.0.tgz",
      "integrity": "sha1-P7z7FbiZpEEjs0ttzBi3JDNqLK4="
    },
    "path-key": {
      "version": "2.0.1",
      "resolved": "https://registry.npmjs.org/path-key/-/path-key-2.0.1.tgz",
      "integrity": "sha1-QRyttXTFoUDTpLGRDUDYDMn0C0A="
    },
    "pn": {
      "version": "1.1.0",
      "resolved": "https://registry.npmjs.org/pn/-/pn-1.1.0.tgz",
      "integrity": "sha512-2qHaIQr2VLRFoxe2nASzsV6ef4yOOH+Fi9FBOVH6cqeSgUnoyySPZkxzLuzd+RYOQTRpROA0ztTMqxROKSb/nA==",
      "dev": true
    },
    "prettier": {
      "version": "1.13.4",
      "resolved": "https://registry.npmjs.org/prettier/-/prettier-1.13.4.tgz",
      "integrity": "sha512-emsEZ2bAigL1lq6ssgkpPm1MIBqgeTvcp90NxOP5XDqprub/V/WS2Hfgih3mS7/1dqTUvhG+sxx1Dv8crnVexA==",
      "dev": true
    },
    "pseudomap": {
      "version": "1.0.2",
      "resolved": "https://registry.npmjs.org/pseudomap/-/pseudomap-1.0.2.tgz",
      "integrity": "sha1-8FKijacOYYkX7wqKw0wa5aaChrM="
    },
    "punycode": {
      "version": "2.1.1",
      "resolved": "https://registry.npmjs.org/punycode/-/punycode-2.1.1.tgz",
      "integrity": "sha512-XRsRjdf+j5ml+y/6GKHPZbrF/8p2Yga0JPtdqTIY2Xe5ohJPD9saDJJLPvp9+NSBprVvevdXZybnj2cv8OEd0A=="
    },
    "shebang-command": {
      "version": "1.2.0",
      "resolved": "https://registry.npmjs.org/shebang-command/-/shebang-command-1.2.0.tgz",
      "integrity": "sha1-RKrGW2lbAzmJaMOfNj/uXer98eo=",
      "requires": {
        "shebang-regex": "^1.0.0"
      }
    },
    "shebang-regex": {
      "version": "1.0.0",
      "resolved": "https://registry.npmjs.org/shebang-regex/-/shebang-regex-1.0.0.tgz",
      "integrity": "sha1-2kL0l0DAtC2yypcoVxyxkMmO/qM="
    },
    "signal-exit": {
      "version": "3.0.2",
      "resolved": "https://registry.npmjs.org/signal-exit/-/signal-exit-3.0.2.tgz",
      "integrity": "sha1-tf3AjxKH6hF4Yo5BXiUTK3NkbG0="
    },
    "strip-eof": {
      "version": "1.0.0",
      "resolved": "https://registry.npmjs.org/strip-eof/-/strip-eof-1.0.0.tgz",
      "integrity": "sha1-u0P/VZim6wXYm1n80SnJgzE2Br8="
    },
    "text-encoding": {
      "version": "0.6.4",
      "resolved": "https://registry.npmjs.org/text-encoding/-/text-encoding-0.6.4.tgz",
      "integrity": "sha1-45mpgiV6J22uQou5KEXLcb3CbRk="
    },
    "tr46": {
      "version": "1.0.1",
      "resolved": "https://registry.npmjs.org/tr46/-/tr46-1.0.1.tgz",
      "integrity": "sha1-qLE/1r/SSJUZZ0zN5VujaTtwbQk=",
      "requires": {
        "punycode": "^2.1.0"
      }
    },
    "webidl-conversions": {
      "version": "github:platformparity/webidl-conversions#dd09029b5cea020d8a20ba24b9d146ff2a37cd3e",
      "from": "github:platformparity/webidl-conversions#dd09029"
    },
    "webidl2": {
      "version": "10.3.3",
      "resolved": "https://registry.npmjs.org/webidl2/-/webidl2-10.3.3.tgz",
      "integrity": "sha512-C3rxCpkX2XQ9FW1EIllN0nW2zlN21S+PgE59xQ6ErI5awVaXYm3TTsDDsdCYIfwjVwNZZIpKjcW1xJF89ZlAew==",
      "dev": true
    },
    "webidl2js": {
      "version": "github:platformparity/webidl2js#6506958326003dfada6879dda06dfccefd21c98b",
      "from": "github:platformparity/webidl2js#6506958",
      "dev": true,
      "requires": {
        "co": "^4.6.0",
        "pn": "^1.0.0",
        "prettier": "^1.9.2",
        "webidl-conversions": "github:platformparity/webidl-conversions#dd09029b5cea020d8a20ba24b9d146ff2a37cd3e",
        "webidl2": "^10.3.1"
      },
      "dependencies": {
        "webidl-conversions": {
          "version": "github:platformparity/webidl-conversions#dd09029b5cea020d8a20ba24b9d146ff2a37cd3e",
          "from": "github:platformparity/webidl-conversions#dd09029",
          "dev": true
        }
      }
    },
    "whatwg-encoding": {
      "version": "1.0.3",
      "resolved": "https://registry.npmjs.org/whatwg-encoding/-/whatwg-encoding-1.0.3.tgz",
      "integrity": "sha512-jLBwwKUhi8WtBfsMQlL4bUUcT8sMkAtQinscJAe/M4KHCkHuUJAF6vuB0tueNIw4c8ziO6AkRmgY+jL3a0iiPw==",
      "requires": {
        "iconv-lite": "0.4.19"
      }
    },
    "whatwg-mimetype": {
      "version": "2.1.0",
      "resolved": "https://registry.npmjs.org/whatwg-mimetype/-/whatwg-mimetype-2.1.0.tgz",
      "integrity": "sha512-FKxhYLytBQiUKjkYteN71fAUA3g6KpNXoho1isLiLSB3N1G4F35Q5vUxWfKFhBwi5IWF27VE6WxhrnnC+m0Mew=="
    },
    "whatwg-url": {
      "version": "6.4.1",
      "resolved": "https://registry.npmjs.org/whatwg-url/-/whatwg-url-6.4.1.tgz",
      "integrity": "sha512-FwygsxsXx27x6XXuExA/ox3Ktwcbf+OAvrKmLulotDAiO1Q6ixchPFaHYsis2zZBZSJTR0+dR+JVtf7MlbqZjw==",
      "requires": {
        "lodash.sortby": "^4.7.0",
        "tr46": "^1.0.1",
        "webidl-conversions": "^4.0.2"
      }
    },
    "which": {
      "version": "1.3.1",
      "resolved": "https://registry.npmjs.org/which/-/which-1.3.1.tgz",
      "integrity": "sha512-HxJdYWq1MTIQbJ3nw0cqssHoTNU267KlrDuGZ1WYlxDStUtKUhOaJmh112/TZmHxxUfuJqPXSOm7tDyas0OSIQ==",
      "requires": {
        "isexe": "^2.0.0"
      }
    },
    "yallist": {
      "version": "2.1.2",
      "resolved": "https://registry.npmjs.org/yallist/-/yallist-2.1.2.tgz",
      "integrity": "sha1-HBH5IY8HYImkfdUS+TxmmaaoHVI="
    }
  }
}
