{
  "name": "@platformparity/jsdom",
  "version": "1.0.0-wip.0",
  "lockfileVersion": 1,
  "requires": true,
  "dependencies": {
    "@platformparity/base64": {
      "version": "1.0.0-wip.0",
      "resolved": "https://registry.npmjs.org/@platformparity/base64/-/base64-1.0.0-wip.0.tgz",
      "integrity": "sha512-s5pstA3OK3QxK0C2NOqqCQc9HPx02orstaMLnrwHJsNoVoMwhlP/3oBgdu0vgI3mQGucqOIQCd8hZdgpixTgkw==",
      "requires": {
        "@platformparity/dom-exception": "^1.0.0-wip.5",
        "abab": "^2.0.0"
      }
    },
    "@platformparity/dom-exception": {
      "version": "1.0.0-wip.5",
      "resolved": "https://registry.npmjs.org/@platformparity/dom-exception/-/dom-exception-1.0.0-wip.5.tgz",
      "integrity": "sha512-yR0krbQn8SPTzOBvuUqBNyvpeShNO9UaiMZK9Y8LSvyzCiX0kkKnmiEO0Mr79fbFJvJZJRoUWEGG0CuBd4vYqQ==",
      "requires": {
        "webidl-conversions": "^4.0.2"
      }
    },
    "abab": {
      "version": "2.0.0",
      "resolved": "https://registry.npmjs.org/abab/-/abab-2.0.0.tgz",
      "integrity": "sha512-sY5AXXVZv4Y1VACTtR11UJCPHHudgY5i26Qj5TypE6DKlIApbwb5uqhXcJ5UUGbvZNRh7EeIoW+LrJumBsKp7w=="
    },
    "co": {
      "version": "4.6.0",
      "resolved": "https://registry.npmjs.org/co/-/co-4.6.0.tgz",
      "integrity": "sha1-bqa989hTrlTMuOR7+gvz+QMfsYQ=",
      "dev": true
    },
    "encoding": {
      "version": "0.1.12",
      "resolved": "https://registry.npmjs.org/encoding/-/encoding-0.1.12.tgz",
      "integrity": "sha1-U4tm8+5izRq1HsMjgp0flIDHS+s=",
      "requires": {
        "iconv-lite": "~0.4.13"
      }
    },
    "iconv-lite": {
      "version": "0.4.19",
      "resolved": "https://registry.npmjs.org/iconv-lite/-/iconv-lite-0.4.19.tgz",
      "integrity": "sha512-oTZqweIP51xaGPI4uPa56/Pri/480R+mo7SeU+YETByQNhDG55ycFyNLIgta9vXhILrxXDmF7ZGhqZIcuN0gJQ=="
    },
    "lodash.sortby": {
      "version": "4.7.0",
      "resolved": "https://registry.npmjs.org/lodash.sortby/-/lodash.sortby-4.7.0.tgz",
      "integrity": "sha1-7dFMgk4sycHgsKG0K7UhBRakJDg="
    },
    "pn": {
      "version": "1.1.0",
      "resolved": "https://registry.npmjs.org/pn/-/pn-1.1.0.tgz",
      "integrity": "sha512-2qHaIQr2VLRFoxe2nASzsV6ef4yOOH+Fi9FBOVH6cqeSgUnoyySPZkxzLuzd+RYOQTRpROA0ztTMqxROKSb/nA==",
      "dev": true
    },
    "prettier": {
      "version": "1.13.4",
      "resolved": "https://registry.npmjs.org/prettier/-/prettier-1.13.4.tgz",
      "integrity": "sha512-emsEZ2bAigL1lq6ssgkpPm1MIBqgeTvcp90NxOP5XDqprub/V/WS2Hfgih3mS7/1dqTUvhG+sxx1Dv8crnVexA==",
      "dev": true
    },
    "punycode": {
      "version": "2.1.1",
      "resolved": "https://registry.npmjs.org/punycode/-/punycode-2.1.1.tgz",
      "integrity": "sha512-XRsRjdf+j5ml+y/6GKHPZbrF/8p2Yga0JPtdqTIY2Xe5ohJPD9saDJJLPvp9+NSBprVvevdXZybnj2cv8OEd0A=="
    },
    "tr46": {
      "version": "1.0.1",
      "resolved": "https://registry.npmjs.org/tr46/-/tr46-1.0.1.tgz",
      "integrity": "sha1-qLE/1r/SSJUZZ0zN5VujaTtwbQk=",
      "requires": {
        "punycode": "^2.1.0"
      }
    },
    "webidl-conversions": {
      "version": "4.0.2",
      "resolved": "https://registry.npmjs.org/webidl-conversions/-/webidl-conversions-4.0.2.tgz",
      "integrity": "sha512-YQ+BmxuTgd6UXZW3+ICGfyqRyHXVlD5GtQr5+qjiNW7bF0cqrzX500HVXPBOvgXb5YnzDd+h0zqyv61KUD7+Sg=="
    },
    "webidl2": {
      "version": "10.3.3",
      "resolved": "https://registry.npmjs.org/webidl2/-/webidl2-10.3.3.tgz",
      "integrity": "sha512-C3rxCpkX2XQ9FW1EIllN0nW2zlN21S+PgE59xQ6ErI5awVaXYm3TTsDDsdCYIfwjVwNZZIpKjcW1xJF89ZlAew==",
      "dev": true
    },
    "webidl2js": {
      "version": "github:jsdom/webidl2js#04fa082faebe98667b804ab07cf8de50a9dc3a94",
      "from": "github:jsdom/webidl2js#04fa082",
      "dev": true,
      "requires": {
        "co": "^4.6.0",
        "pn": "^1.0.0",
        "prettier": "^1.9.2",
        "webidl-conversions": "^4.0.0",
        "webidl2": "^10.3.1"
      }
    },
    "whatwg-encoding": {
      "version": "1.0.3",
      "resolved": "https://registry.npmjs.org/whatwg-encoding/-/whatwg-encoding-1.0.3.tgz",
      "integrity": "sha512-jLBwwKUhi8WtBfsMQlL4bUUcT8sMkAtQinscJAe/M4KHCkHuUJAF6vuB0tueNIw4c8ziO6AkRmgY+jL3a0iiPw==",
      "requires": {
        "iconv-lite": "0.4.19"
      }
    },
    "whatwg-mimetype": {
      "version": "2.1.0",
      "resolved": "https://registry.npmjs.org/whatwg-mimetype/-/whatwg-mimetype-2.1.0.tgz",
      "integrity": "sha512-FKxhYLytBQiUKjkYteN71fAUA3g6KpNXoho1isLiLSB3N1G4F35Q5vUxWfKFhBwi5IWF27VE6WxhrnnC+m0Mew=="
    },
    "whatwg-url": {
      "version": "6.4.1",
      "resolved": "https://registry.npmjs.org/whatwg-url/-/whatwg-url-6.4.1.tgz",
      "integrity": "sha512-FwygsxsXx27x6XXuExA/ox3Ktwcbf+OAvrKmLulotDAiO1Q6ixchPFaHYsis2zZBZSJTR0+dR+JVtf7MlbqZjw==",
      "requires": {
        "lodash.sortby": "^4.7.0",
        "tr46": "^1.0.1",
        "webidl-conversions": "^4.0.2"
      }
    }
  }
}
